
Microsoft Visual Studio Solution File, Format Version 12.00
# Visual Studio 15
VisualStudioVersion = 15.0.28307.329
MinimumVisualStudioVersion = 10.0.40219.1
Project("{FAE04EC0-301F-11D3-BF4B-00C04F79EFBC}") = "Sync_treading_rendezvous", "Sync_treading_rendezvous\Sync_treading_rendezvous.csproj", "{052E6FFE-E934-4F5C-B63D-BEAE3EE6B7EB}"
EndProject
Global
	GlobalSection(SolutionConfigurationPlatforms) = preSolution
		Debug|Any CPU = Debug|Any CPU
		Release|Any CPU = Release|Any CPU
	EndGlobalSection
	GlobalSection(ProjectConfigurationPlatforms) = postSolution
		{052E6FFE-E934-4F5C-B63D-BEAE3EE6B7EB}.Debug|Any CPU.ActiveCfg = Debug|Any CPU
		{052E6FFE-E934-4F5C-B63D-BEAE3EE6B7EB}.Debug|Any CPU.Build.0 = Debug|Any CPU
		{052E6FFE-E934-4F5C-B63D-BEAE3EE6B7EB}.Release|Any CPU.ActiveCfg = Release|Any CPU
		{052E6FFE-E934-4F5C-B63D-BEAE3EE6B7EB}.Release|Any CPU.Build.0 = Release|Any CPU
	EndGlobalSection
	GlobalSection(SolutionProperties) = preSolution
		HideSolutionNode = FALSE
	EndGlobalSection
	GlobalSection(ExtensibilityGlobals) = postSolution
		SolutionGuid = {9341387F-8F5B-4F8E-976B-9D935C2D8D31}
	EndGlobalSection
EndGlobal
