
Microsoft Visual Studio Solution File, Format Version 11.00
# Visual Studio 2010
Project("{FAE04EC0-301F-11D3-BF4B-00C04F79EFBC}") = "threads", "threads\threads.csproj", "{9AD7331A-4EB0-41BD-8C8C-B8054893D62A}"
EndProject
Global
	GlobalSection(SolutionConfigurationPlatforms) = preSolution
		Debug|x86 = Debug|x86
		Release|x86 = Release|x86
	EndGlobalSection
	GlobalSection(ProjectConfigurationPlatforms) = postSolution
		{9AD7331A-4EB0-41BD-8C8C-B8054893D62A}.Debug|x86.ActiveCfg = Debug|x86
		{9AD7331A-4EB0-41BD-8C8C-B8054893D62A}.Debug|x86.Build.0 = Debug|x86
		{9AD7331A-4EB0-41BD-8C8C-B8054893D62A}.Release|x86.ActiveCfg = Release|x86
		{9AD7331A-4EB0-41BD-8C8C-B8054893D62A}.Release|x86.Build.0 = Release|x86
	EndGlobalSection
	GlobalSection(SolutionProperties) = preSolution
		HideSolutionNode = FALSE
	EndGlobalSection
EndGlobal
